<?xml version="1.0" encoding="utf-8"?>
<Project ToolsVersion="4.0" xmlns="http://schemas.microsoft.com/developer/msbuild/2003">
  <ItemGroup>
    <Filter Include="源文件">
      <UniqueIdentifier>{4FC737F1-C7A5-4376-A066-2A32D752A2FF}</UniqueIdentifier>
      <Extensions>cpp;c;cc;cxx;def;odl;idl;hpj;bat;asm;asmx</Extensions>
    </Filter>
    <Filter Include="头文件">
      <UniqueIdentifier>{93995380-89BD-4b04-88EB-625FBE52EBFB}</UniqueIdentifier>
      <Extensions>h;hpp;hxx;hm;inl;inc;xsd</Extensions>
    </Filter>
    <Filter Include="资源文件">
      <UniqueIdentifier>{67DA6AB6-F800-4c08-8B7A-83BB121AAD01}</UniqueIdentifier>
      <Extensions>rc;ico;cur;bmp;dlg;rc2;rct;bin;rgs;gif;jpg;jpeg;jpe;resx;tiff;tif;png;wav;mfcribbon-ms</Extensions>
    </Filter>
    <Filter Include="apilib">
      <UniqueIdentifier>{0398354f-c8d8-404d-b9b2-3182960f56bc}</UniqueIdentifier>
    </Filter>
    <Filter Include="Netlib">
      <UniqueIdentifier>{1b313ec1-a0c8-4072-ba4e-ca680ec3ace2}</UniqueIdentifier>
    </Filter>
    <Filter Include="apilib\include">
      <UniqueIdentifier>{3efb011e-30a4-4245-9a58-313448e0d4b0}</UniqueIdentifier>
    </Filter>
  </ItemGroup>
  <ItemGroup>
    <ClInclude Include="Stdafx.h">
      <Filter>头文件</Filter>
    </ClInclude>
    <ClInclude Include="resource.h">
      <Filter>头文件</Filter>
    </ClInclude>
    <ClInclude Include="Netlib\LTSStruct.h">
      <Filter>Netlib</Filter>
    </ClInclude>
    <ClInclude Include="apilib\include\SecurityFtdcUserApiStruct.h">
      <Filter>apilib\include</Filter>
    </ClInclude>
    <ClInclude Include="apilib\include\SecurityFtdcMdApi.h">
      <Filter>apilib\include</Filter>
    </ClInclude>
    <ClInclude Include="apilib\include\SecurityFtdcTraderApi.h">
      <Filter>apilib\include</Filter>
    </ClInclude>
    <ClInclude Include="apilib\include\SecurityFtdcUserApiDataType.h">
      <Filter>apilib\include</Filter>
    </ClInclude>
    <ClInclude Include="Netlib\Util.h">
      <Filter>Netlib</Filter>
    </ClInclude>
    <ClInclude Include="Netlib\LTSTraderAdapter.h">
      <Filter>Netlib</Filter>
    </ClInclude>
    <ClInclude Include="Netlib\LTSTraderSpi.h">
      <Filter>Netlib</Filter>
    </ClInclude>
    <ClInclude Include="Netlib\LTSMdSpi.h">
      <Filter>Netlib</Filter>
    </ClInclude>
    <ClInclude Include="Netlib\LTSMDAdapter.h">
      <Filter>Netlib</Filter>
    </ClInclude>
    <ClInclude Include="Netlib\Delegates.h">
      <Filter>Netlib</Filter>
    </ClInclude>
    <ClInclude Include="Netlib\Callbacks.h">
      <Filter>Netlib</Filter>
    </ClInclude>
  </ItemGroup>
  <ItemGroup>
    <ClCompile Include="AssemblyInfo.cpp">
      <Filter>源文件</Filter>
    </ClCompile>
    <ClCompile Include="Stdafx.cpp">
      <Filter>源文件</Filter>
    </ClCompile>
    <ClCompile Include="Netlib\Util.cpp">
      <Filter>Netlib</Filter>
    </ClCompile>
    <ClCompile Include="Netlib\LTSTraderAdapter.cpp">
      <Filter>Netlib</Filter>
    </ClCompile>
    <ClCompile Include="Netlib\LTSTraderSpi.cpp">
      <Filter>Netlib</Filter>
    </ClCompile>
    <ClCompile Include="Netlib\LTSMDAdapter.cpp">
      <Filter>Netlib</Filter>
    </ClCompile>
    <ClCompile Include="Netlib\LTSMdSpi.cpp">
      <Filter>Netlib</Filter>
    </ClCompile>
  </ItemGroup>
  <ItemGroup>
    <None Include="ReadMe.txt" />
    <None Include="app.ico">
      <Filter>资源文件</Filter>
    </None>
  </ItemGroup>
  <ItemGroup>
    <ResourceCompile Include="app.rc">
      <Filter>资源文件</Filter>
    </ResourceCompile>
  </ItemGroup>
</Project>